<?xml version="1.0" encoding="utf-8"?>
<Project ToolsVersion="17.0" xmlns="http://schemas.microsoft.com/developer/msbuild/2003">
  <ItemGroup>
    <CustomBuild Include="C:\Users\rocke\source\repos\8503-Team-4\CMakeFiles\559c88e9ea488518cfcdff6d6bf2d09c\INSTALL_force.rule">
      <Filter>CMake Rules</Filter>
    </CustomBuild>
  </ItemGroup>
  <ItemGroup>
    <Filter Include="CMake Rules">
      <UniqueIdentifier>{13CE312E-DA4B-36C6-A6C8-CD89F64E254D}</UniqueIdentifier>
    </Filter>
  </ItemGroup>
</Project>
