
Microsoft Visual Studio Solution File, Format Version 12.00
# Visual Studio Version 17
Project("{2150E333-8FDC-42A3-9474-1A3956D46DE8}") = "CMakePredefinedTargets", "CMakePredefinedTargets", "{25DF6E85-5134-316E-AAB7-53D574518B1F}"
EndProject
Project("{2150E333-8FDC-42A3-9474-1A3956D46DE8}") = "CTestDashboardTargets", "CTestDashboardTargets", "{C940C401-33DE-31EE-BADA-A3DD2BC7FD9C}"
EndProject
Project("{8BC9CEB8-8B4A-11D0-8D11-00A0C91BC942}") = "ALL_BUILD", "ALL_BUILD.vcxproj", "{C8E68EE2-2423-3077-984D-89C70EB99783}"
	ProjectSection(ProjectDependencies) = postProject
		{41586849-1BDE-34D9-9F26-5AF79BDA47D8} = {41586849-1BDE-34D9-9F26-5AF79BDA47D8}
		{963D5F4F-BA08-3F44-80B7-B38E2A5283A0} = {963D5F4F-BA08-3F44-80B7-B38E2A5283A0}
		{FAB0ED83-AF47-3A07-AE4E-987EDEA02B25} = {FAB0ED83-AF47-3A07-AE4E-987EDEA02B25}
		{2E06908D-1105-3BCB-B19E-02BA2E88A1D7} = {2E06908D-1105-3BCB-B19E-02BA2E88A1D7}
		{60C04DA6-DF01-3DB3-9167-F9FE8D26116C} = {60C04DA6-DF01-3DB3-9167-F9FE8D26116C}
		{1100B781-162B-348B-AB6E-BDAA7F0F9F0F} = {1100B781-162B-348B-AB6E-BDAA7F0F9F0F}
		{75309092-7D6B-3534-8AF6-E3CAA8D96601} = {75309092-7D6B-3534-8AF6-E3CAA8D96601}
		{507DDA78-826E-311F-87AF-211EDA8A9676} = {507DDA78-826E-311F-87AF-211EDA8A9676}
		{69AD7ACC-3B1E-3311-B998-0FBA76948671} = {69AD7ACC-3B1E-3311-B998-0FBA76948671}
		{CA3C5437-AC6A-3DCF-8B9D-6BF7FD3A2480} = {CA3C5437-AC6A-3DCF-8B9D-6BF7FD3A2480}
		{41500243-F103-3851-B1F0-A30B1BCC6565} = {41500243-F103-3851-B1F0-A30B1BCC6565}
		{0374487C-6BCF-36BD-A50D-1CF1F32C9337} = {0374487C-6BCF-36BD-A50D-1CF1F32C9337}
		{1EF004E4-4245-3B31-9FAD-AFD7DA966490} = {1EF004E4-4245-3B31-9FAD-AFD7DA966490}
		{6AA35EF3-FE7F-3F6C-BFF6-84DDCCFC36FA} = {6AA35EF3-FE7F-3F6C-BFF6-84DDCCFC36FA}
		{2A2DEA78-FCDA-36E7-996E-044DDC8F6662} = {2A2DEA78-FCDA-36E7-996E-044DDC8F6662}
		{25E35546-A0A9-35A7-87F3-CF9C7D9DCD0D} = {25E35546-A0A9-35A7-87F3-CF9C7D9DCD0D}
		{702BE564-06F8-3CED-8FF9-73C20CFCC6CF} = {702BE564-06F8-3CED-8FF9-73C20CFCC6CF}
		{F9E6B1FA-45CA-39F7-BD54-18929D64F25B} = {F9E6B1FA-45CA-39F7-BD54-18929D64F25B}
		{99CDCE43-24D6-3FCE-BC9B-EE24478ED5C8} = {99CDCE43-24D6-3FCE-BC9B-EE24478ED5C8}
		{3CB49ABB-1FB5-3AE2-83FC-E19430E44659} = {3CB49ABB-1FB5-3AE2-83FC-E19430E44659}
		{5DA54F0E-15A5-3ABE-9849-BC895ABE9148} = {5DA54F0E-15A5-3ABE-9849-BC895ABE9148}
	EndProjectSection
EndProject
Project("{8BC9CEB8-8B4A-11D0-8D11-00A0C91BC942}") = "Continuous", "Continuous.vcxproj", "{BB858512-7D54-348D-90DB-0EDB4B466BB5}"
	ProjectSection(ProjectDependencies) = postProject
		{41586849-1BDE-34D9-9F26-5AF79BDA47D8} = {41586849-1BDE-34D9-9F26-5AF79BDA47D8}
	EndProjectSection
EndProject
Project("{8BC9CEB8-8B4A-11D0-8D11-00A0C91BC942}") = "Experimental", "Experimental.vcxproj", "{DB65B1CE-DB2B-32D7-A08C-13B4C97F950E}"
	ProjectSection(ProjectDependencies) = postProject
		{41586849-1BDE-34D9-9F26-5AF79BDA47D8} = {41586849-1BDE-34D9-9F26-5AF79BDA47D8}
	EndProjectSection
EndProject
Project("{8BC9CEB8-8B4A-11D0-8D11-00A0C91BC942}") = "INSTALL", "INSTALL.vcxproj", "{5073AA02-012C-3102-B499-B36F24B53AAA}"
	ProjectSection(ProjectDependencies) = postProject
		{C8E68EE2-2423-3077-984D-89C70EB99783} = {C8E68EE2-2423-3077-984D-89C70EB99783}
		{41586849-1BDE-34D9-9F26-5AF79BDA47D8} = {41586849-1BDE-34D9-9F26-5AF79BDA47D8}
	EndProjectSection
EndProject
Project("{8BC9CEB8-8B4A-11D0-8D11-00A0C91BC942}") = "Nightly", "Nightly.vcxproj", "{1E312F27-70C5-377D-80C3-3B45EE0DE387}"
	ProjectSection(ProjectDependencies) = postProject
		{41586849-1BDE-34D9-9F26-5AF79BDA47D8} = {41586849-1BDE-34D9-9F26-5AF79BDA47D8}
	EndProjectSection
EndProject
Project("{8BC9CEB8-8B4A-11D0-8D11-00A0C91BC942}") = "NightlyMemoryCheck", "NightlyMemoryCheck.vcxproj", "{2632E4F3-6819-3F6B-849B-9530E9F14A64}"
	ProjectSection(ProjectDependencies) = postProject
		{41586849-1BDE-34D9-9F26-5AF79BDA47D8} = {41586849-1BDE-34D9-9F26-5AF79BDA47D8}
	EndProjectSection
EndProject
Project("{8BC9CEB8-8B4A-11D0-8D11-00A0C91BC942}") = "ZERO_CHECK", "..\\ZERO_CHECK.vcxproj", "{41586849-1BDE-34D9-9F26-5AF79BDA47D8}"
	ProjectSection(ProjectDependencies) = postProject
	EndProjectSection
EndProject
Project("{8BC9CEB8-8B4A-11D0-8D11-00A0C91BC942}") = "archivertest", "example\archivertest.vcxproj", "{963D5F4F-BA08-3F44-80B7-B38E2A5283A0}"
	ProjectSection(ProjectDependencies) = postProject
		{41586849-1BDE-34D9-9F26-5AF79BDA47D8} = {41586849-1BDE-34D9-9F26-5AF79BDA47D8}
	EndProjectSection
EndProject
Project("{8BC9CEB8-8B4A-11D0-8D11-00A0C91BC942}") = "capitalize", "example\capitalize.vcxproj", "{FAB0ED83-AF47-3A07-AE4E-987EDEA02B25}"
	ProjectSection(ProjectDependencies) = postProject
		{41586849-1BDE-34D9-9F26-5AF79BDA47D8} = {41586849-1BDE-34D9-9F26-5AF79BDA47D8}
	EndProjectSection
EndProject
Project("{8BC9CEB8-8B4A-11D0-8D11-00A0C91BC942}") = "condense", "example\condense.vcxproj", "{2E06908D-1105-3BCB-B19E-02BA2E88A1D7}"
	ProjectSection(ProjectDependencies) = postProject
		{41586849-1BDE-34D9-9F26-5AF79BDA47D8} = {41586849-1BDE-34D9-9F26-5AF79BDA47D8}
	EndProjectSection
EndProject
Project("{8BC9CEB8-8B4A-11D0-8D11-00A0C91BC942}") = "examples", "example\examples.vcxproj", "{60C04DA6-DF01-3DB3-9167-F9FE8D26116C}"
	ProjectSection(ProjectDependencies) = postProject
		{41586849-1BDE-34D9-9F26-5AF79BDA47D8} = {41586849-1BDE-34D9-9F26-5AF79BDA47D8}
		{FAB0ED83-AF47-3A07-AE4E-987EDEA02B25} = {FAB0ED83-AF47-3A07-AE4E-987EDEA02B25}
		{2E06908D-1105-3BCB-B19E-02BA2E88A1D7} = {2E06908D-1105-3BCB-B19E-02BA2E88A1D7}
		{1100B781-162B-348B-AB6E-BDAA7F0F9F0F} = {1100B781-162B-348B-AB6E-BDAA7F0F9F0F}
		{75309092-7D6B-3534-8AF6-E3CAA8D96601} = {75309092-7D6B-3534-8AF6-E3CAA8D96601}
		{507DDA78-826E-311F-87AF-211EDA8A9676} = {507DDA78-826E-311F-87AF-211EDA8A9676}
		{69AD7ACC-3B1E-3311-B998-0FBA76948671} = {69AD7ACC-3B1E-3311-B998-0FBA76948671}
		{CA3C5437-AC6A-3DCF-8B9D-6BF7FD3A2480} = {CA3C5437-AC6A-3DCF-8B9D-6BF7FD3A2480}
		{41500243-F103-3851-B1F0-A30B1BCC6565} = {41500243-F103-3851-B1F0-A30B1BCC6565}
		{0374487C-6BCF-36BD-A50D-1CF1F32C9337} = {0374487C-6BCF-36BD-A50D-1CF1F32C9337}
		{1EF004E4-4245-3B31-9FAD-AFD7DA966490} = {1EF004E4-4245-3B31-9FAD-AFD7DA966490}
		{6AA35EF3-FE7F-3F6C-BFF6-84DDCCFC36FA} = {6AA35EF3-FE7F-3F6C-BFF6-84DDCCFC36FA}
		{2A2DEA78-FCDA-36E7-996E-044DDC8F6662} = {2A2DEA78-FCDA-36E7-996E-044DDC8F6662}
		{25E35546-A0A9-35A7-87F3-CF9C7D9DCD0D} = {25E35546-A0A9-35A7-87F3-CF9C7D9DCD0D}
		{702BE564-06F8-3CED-8FF9-73C20CFCC6CF} = {702BE564-06F8-3CED-8FF9-73C20CFCC6CF}
		{F9E6B1FA-45CA-39F7-BD54-18929D64F25B} = {F9E6B1FA-45CA-39F7-BD54-18929D64F25B}
		{99CDCE43-24D6-3FCE-BC9B-EE24478ED5C8} = {99CDCE43-24D6-3FCE-BC9B-EE24478ED5C8}
		{3CB49ABB-1FB5-3AE2-83FC-E19430E44659} = {3CB49ABB-1FB5-3AE2-83FC-E19430E44659}
		{5DA54F0E-15A5-3ABE-9849-BC895ABE9148} = {5DA54F0E-15A5-3ABE-9849-BC895ABE9148}
	EndProjectSection
EndProject
Project("{8BC9CEB8-8B4A-11D0-8D11-00A0C91BC942}") = "filterkey", "example\filterkey.vcxproj", "{1100B781-162B-348B-AB6E-BDAA7F0F9F0F}"
	ProjectSection(ProjectDependencies) = postProject
		{41586849-1BDE-34D9-9F26-5AF79BDA47D8} = {41586849-1BDE-34D9-9F26-5AF79BDA47D8}
	EndProjectSection
EndProject
Project("{8BC9CEB8-8B4A-11D0-8D11-00A0C91BC942}") = "filterkeydom", "example\filterkeydom.vcxproj", "{75309092-7D6B-3534-8AF6-E3CAA8D96601}"
	ProjectSection(ProjectDependencies) = postProject
		{41586849-1BDE-34D9-9F26-5AF79BDA47D8} = {41586849-1BDE-34D9-9F26-5AF79BDA47D8}
	EndProjectSection
EndProject
Project("{8BC9CEB8-8B4A-11D0-8D11-00A0C91BC942}") = "jsonx", "example\jsonx.vcxproj", "{507DDA78-826E-311F-87AF-211EDA8A9676}"
	ProjectSection(ProjectDependencies) = postProject
		{41586849-1BDE-34D9-9F26-5AF79BDA47D8} = {41586849-1BDE-34D9-9F26-5AF79BDA47D8}
	EndProjectSection
EndProject
Project("{8BC9CEB8-8B4A-11D0-8D11-00A0C91BC942}") = "lookaheadparser", "example\lookaheadparser.vcxproj", "{69AD7ACC-3B1E-3311-B998-0FBA76948671}"
	ProjectSection(ProjectDependencies) = postProject
		{41586849-1BDE-34D9-9F26-5AF79BDA47D8} = {41586849-1BDE-34D9-9F26-5AF79BDA47D8}
	EndProjectSection
EndProject
Project("{8BC9CEB8-8B4A-11D0-8D11-00A0C91BC942}") = "messagereader", "example\messagereader.vcxproj", "{CA3C5437-AC6A-3DCF-8B9D-6BF7FD3A2480}"
	ProjectSection(ProjectDependencies) = postProject
		{41586849-1BDE-34D9-9F26-5AF79BDA47D8} = {41586849-1BDE-34D9-9F26-5AF79BDA47D8}
	EndProjectSection
EndProject
Project("{8BC9CEB8-8B4A-11D0-8D11-00A0C91BC942}") = "parsebyparts", "example\parsebyparts.vcxproj", "{41500243-F103-3851-B1F0-A30B1BCC6565}"
	ProjectSection(ProjectDependencies) = postProject
		{41586849-1BDE-34D9-9F26-5AF79BDA47D8} = {41586849-1BDE-34D9-9F26-5AF79BDA47D8}
	EndProjectSection
EndProject
Project("{8BC9CEB8-8B4A-11D0-8D11-00A0C91BC942}") = "pretty", "example\pretty.vcxproj", "{0374487C-6BCF-36BD-A50D-1CF1F32C9337}"
	ProjectSection(ProjectDependencies) = postProject
		{41586849-1BDE-34D9-9F26-5AF79BDA47D8} = {41586849-1BDE-34D9-9F26-5AF79BDA47D8}
	EndProjectSection
EndProject
Project("{8BC9CEB8-8B4A-11D0-8D11-00A0C91BC942}") = "prettyauto", "example\prettyauto.vcxproj", "{1EF004E4-4245-3B31-9FAD-AFD7DA966490}"
	ProjectSection(ProjectDependencies) = postProject
		{41586849-1BDE-34D9-9F26-5AF79BDA47D8} = {41586849-1BDE-34D9-9F26-5AF79BDA47D8}
	EndProjectSection
EndProject
Project("{8BC9CEB8-8B4A-11D0-8D11-00A0C91BC942}") = "schemavalidator", "example\schemavalidator.vcxproj", "{6AA35EF3-FE7F-3F6C-BFF6-84DDCCFC36FA}"
	ProjectSection(ProjectDependencies) = postProject
		{41586849-1BDE-34D9-9F26-5AF79BDA47D8} = {41586849-1BDE-34D9-9F26-5AF79BDA47D8}
	EndProjectSection
EndProject
Project("{8BC9CEB8-8B4A-11D0-8D11-00A0C91BC942}") = "serialize", "example\serialize.vcxproj", "{2A2DEA78-FCDA-36E7-996E-044DDC8F6662}"
	ProjectSection(ProjectDependencies) = postProject
		{41586849-1BDE-34D9-9F26-5AF79BDA47D8} = {41586849-1BDE-34D9-9F26-5AF79BDA47D8}
	EndProjectSection
EndProject
Project("{8BC9CEB8-8B4A-11D0-8D11-00A0C91BC942}") = "simpledom", "example\simpledom.vcxproj", "{25E35546-A0A9-35A7-87F3-CF9C7D9DCD0D}"
	ProjectSection(ProjectDependencies) = postProject
		{41586849-1BDE-34D9-9F26-5AF79BDA47D8} = {41586849-1BDE-34D9-9F26-5AF79BDA47D8}
	EndProjectSection
EndProject
Project("{8BC9CEB8-8B4A-11D0-8D11-00A0C91BC942}") = "simplepullreader", "example\simplepullreader.vcxproj", "{702BE564-06F8-3CED-8FF9-73C20CFCC6CF}"
	ProjectSection(ProjectDependencies) = postProject
		{41586849-1BDE-34D9-9F26-5AF79BDA47D8} = {41586849-1BDE-34D9-9F26-5AF79BDA47D8}
	EndProjectSection
EndProject
Project("{8BC9CEB8-8B4A-11D0-8D11-00A0C91BC942}") = "simplereader", "example\simplereader.vcxproj", "{F9E6B1FA-45CA-39F7-BD54-18929D64F25B}"
	ProjectSection(ProjectDependencies) = postProject
		{41586849-1BDE-34D9-9F26-5AF79BDA47D8} = {41586849-1BDE-34D9-9F26-5AF79BDA47D8}
	EndProjectSection
EndProject
Project("{8BC9CEB8-8B4A-11D0-8D11-00A0C91BC942}") = "simplewriter", "example\simplewriter.vcxproj", "{99CDCE43-24D6-3FCE-BC9B-EE24478ED5C8}"
	ProjectSection(ProjectDependencies) = postProject
		{41586849-1BDE-34D9-9F26-5AF79BDA47D8} = {41586849-1BDE-34D9-9F26-5AF79BDA47D8}
	EndProjectSection
EndProject
Project("{8BC9CEB8-8B4A-11D0-8D11-00A0C91BC942}") = "sortkeys", "example\sortkeys.vcxproj", "{3CB49ABB-1FB5-3AE2-83FC-E19430E44659}"
	ProjectSection(ProjectDependencies) = postProject
		{41586849-1BDE-34D9-9F26-5AF79BDA47D8} = {41586849-1BDE-34D9-9F26-5AF79BDA47D8}
	EndProjectSection
EndProject
Project("{8BC9CEB8-8B4A-11D0-8D11-00A0C91BC942}") = "travis_doc", "travis_doc.vcxproj", "{0E82AD26-B85A-3510-AB31-8959510C5C3E}"
	ProjectSection(ProjectDependencies) = postProject
		{41586849-1BDE-34D9-9F26-5AF79BDA47D8} = {41586849-1BDE-34D9-9F26-5AF79BDA47D8}
	EndProjectSection
EndProject
Project("{8BC9CEB8-8B4A-11D0-8D11-00A0C91BC942}") = "tutorial", "example\tutorial.vcxproj", "{5DA54F0E-15A5-3ABE-9849-BC895ABE9148}"
	ProjectSection(ProjectDependencies) = postProject
		{41586849-1BDE-34D9-9F26-5AF79BDA47D8} = {41586849-1BDE-34D9-9F26-5AF79BDA47D8}
	EndProjectSection
EndProject
Global
	GlobalSection(SolutionConfigurationPlatforms) = preSolution
		Debug|x64 = Debug|x64
		Release|x64 = Release|x64
	EndGlobalSection
	GlobalSection(ProjectConfigurationPlatforms) = postSolution
		{C8E68EE2-2423-3077-984D-89C70EB99783}.Debug|x64.ActiveCfg = Debug|x64
		{C8E68EE2-2423-3077-984D-89C70EB99783}.Debug|x64.Build.0 = Debug|x64
		{C8E68EE2-2423-3077-984D-89C70EB99783}.Release|x64.ActiveCfg = Release|x64
		{C8E68EE2-2423-3077-984D-89C70EB99783}.Release|x64.Build.0 = Release|x64
		{BB858512-7D54-348D-90DB-0EDB4B466BB5}.Debug|x64.ActiveCfg = Debug|x64
		{BB858512-7D54-348D-90DB-0EDB4B466BB5}.Release|x64.ActiveCfg = Release|x64
		{DB65B1CE-DB2B-32D7-A08C-13B4C97F950E}.Debug|x64.ActiveCfg = Debug|x64
		{DB65B1CE-DB2B-32D7-A08C-13B4C97F950E}.Release|x64.ActiveCfg = Release|x64
		{5073AA02-012C-3102-B499-B36F24B53AAA}.Debug|x64.ActiveCfg = Debug|x64
		{5073AA02-012C-3102-B499-B36F24B53AAA}.Release|x64.ActiveCfg = Release|x64
		{1E312F27-70C5-377D-80C3-3B45EE0DE387}.Debug|x64.ActiveCfg = Debug|x64
		{1E312F27-70C5-377D-80C3-3B45EE0DE387}.Release|x64.ActiveCfg = Release|x64
		{2632E4F3-6819-3F6B-849B-9530E9F14A64}.Debug|x64.ActiveCfg = Debug|x64
		{2632E4F3-6819-3F6B-849B-9530E9F14A64}.Release|x64.ActiveCfg = Release|x64
		{41586849-1BDE-34D9-9F26-5AF79BDA47D8}.Debug|x64.ActiveCfg = Debug|x64
		{41586849-1BDE-34D9-9F26-5AF79BDA47D8}.Debug|x64.Build.0 = Debug|x64
		{41586849-1BDE-34D9-9F26-5AF79BDA47D8}.Release|x64.ActiveCfg = Release|x64
		{41586849-1BDE-34D9-9F26-5AF79BDA47D8}.Release|x64.Build.0 = Release|x64
		{963D5F4F-BA08-3F44-80B7-B38E2A5283A0}.Debug|x64.ActiveCfg = Debug|x64
		{963D5F4F-BA08-3F44-80B7-B38E2A5283A0}.Debug|x64.Build.0 = Debug|x64
		{963D5F4F-BA08-3F44-80B7-B38E2A5283A0}.Release|x64.ActiveCfg = Release|x64
		{963D5F4F-BA08-3F44-80B7-B38E2A5283A0}.Release|x64.Build.0 = Release|x64
		{FAB0ED83-AF47-3A07-AE4E-987EDEA02B25}.Debug|x64.ActiveCfg = Debug|x64
		{FAB0ED83-AF47-3A07-AE4E-987EDEA02B25}.Debug|x64.Build.0 = Debug|x64
		{FAB0ED83-AF47-3A07-AE4E-987EDEA02B25}.Release|x64.ActiveCfg = Release|x64
		{FAB0ED83-AF47-3A07-AE4E-987EDEA02B25}.Release|x64.Build.0 = Release|x64
		{2E06908D-1105-3BCB-B19E-02BA2E88A1D7}.Debug|x64.ActiveCfg = Debug|x64
		{2E06908D-1105-3BCB-B19E-02BA2E88A1D7}.Debug|x64.Build.0 = Debug|x64
		{2E06908D-1105-3BCB-B19E-02BA2E88A1D7}.Release|x64.ActiveCfg = Release|x64
		{2E06908D-1105-3BCB-B19E-02BA2E88A1D7}.Release|x64.Build.0 = Release|x64
		{60C04DA6-DF01-3DB3-9167-F9FE8D26116C}.Debug|x64.ActiveCfg = Debug|x64
		{60C04DA6-DF01-3DB3-9167-F9FE8D26116C}.Debug|x64.Build.0 = Debug|x64
		{60C04DA6-DF01-3DB3-9167-F9FE8D26116C}.Release|x64.ActiveCfg = Release|x64
		{60C04DA6-DF01-3DB3-9167-F9FE8D26116C}.Release|x64.Build.0 = Release|x64
		{1100B781-162B-348B-AB6E-BDAA7F0F9F0F}.Debug|x64.ActiveCfg = Debug|x64
		{1100B781-162B-348B-AB6E-BDAA7F0F9F0F}.Debug|x64.Build.0 = Debug|x64
		{1100B781-162B-348B-AB6E-BDAA7F0F9F0F}.Release|x64.ActiveCfg = Release|x64
		{1100B781-162B-348B-AB6E-BDAA7F0F9F0F}.Release|x64.Build.0 = Release|x64
		{75309092-7D6B-3534-8AF6-E3CAA8D96601}.Debug|x64.ActiveCfg = Debug|x64
		{75309092-7D6B-3534-8AF6-E3CAA8D96601}.Debug|x64.Build.0 = Debug|x64
		{75309092-7D6B-3534-8AF6-E3CAA8D96601}.Release|x64.ActiveCfg = Release|x64
		{75309092-7D6B-3534-8AF6-E3CAA8D96601}.Release|x64.Build.0 = Release|x64
		{507DDA78-826E-311F-87AF-211EDA8A9676}.Debug|x64.ActiveCfg = Debug|x64
		{507DDA78-826E-311F-87AF-211EDA8A9676}.Debug|x64.Build.0 = Debug|x64
		{507DDA78-826E-311F-87AF-211EDA8A9676}.Release|x64.ActiveCfg = Release|x64
		{507DDA78-826E-311F-87AF-211EDA8A9676}.Release|x64.Build.0 = Release|x64
		{69AD7ACC-3B1E-3311-B998-0FBA76948671}.Debug|x64.ActiveCfg = Debug|x64
		{69AD7ACC-3B1E-3311-B998-0FBA76948671}.Debug|x64.Build.0 = Debug|x64
		{69AD7ACC-3B1E-3311-B998-0FBA76948671}.Release|x64.ActiveCfg = Release|x64
		{69AD7ACC-3B1E-3311-B998-0FBA76948671}.Release|x64.Build.0 = Release|x64
		{CA3C5437-AC6A-3DCF-8B9D-6BF7FD3A2480}.Debug|x64.ActiveCfg = Debug|x64
		{CA3C5437-AC6A-3DCF-8B9D-6BF7FD3A2480}.Debug|x64.Build.0 = Debug|x64
		{CA3C5437-AC6A-3DCF-8B9D-6BF7FD3A2480}.Release|x64.ActiveCfg = Release|x64
		{CA3C5437-AC6A-3DCF-8B9D-6BF7FD3A2480}.Release|x64.Build.0 = Release|x64
		{41500243-F103-3851-B1F0-A30B1BCC6565}.Debug|x64.ActiveCfg = Debug|x64
		{41500243-F103-3851-B1F0-A30B1BCC6565}.Debug|x64.Build.0 = Debug|x64
		{41500243-F103-3851-B1F0-A30B1BCC6565}.Release|x64.ActiveCfg = Release|x64
		{41500243-F103-3851-B1F0-A30B1BCC6565}.Release|x64.Build.0 = Release|x64
		{0374487C-6BCF-36BD-A50D-1CF1F32C9337}.Debug|x64.ActiveCfg = Debug|x64
		{0374487C-6BCF-36BD-A50D-1CF1F32C9337}.Debug|x64.Build.0 = Debug|x64
		{0374487C-6BCF-36BD-A50D-1CF1F32C9337}.Release|x64.ActiveCfg = Release|x64
		{0374487C-6BCF-36BD-A50D-1CF1F32C9337}.Release|x64.Build.0 = Release|x64
		{1EF004E4-4245-3B31-9FAD-AFD7DA966490}.Debug|x64.ActiveCfg = Debug|x64
		{1EF004E4-4245-3B31-9FAD-AFD7DA966490}.Debug|x64.Build.0 = Debug|x64
		{1EF004E4-4245-3B31-9FAD-AFD7DA966490}.Release|x64.ActiveCfg = Release|x64
		{1EF004E4-4245-3B31-9FAD-AFD7DA966490}.Release|x64.Build.0 = Release|x64
		{6AA35EF3-FE7F-3F6C-BFF6-84DDCCFC36FA}.Debug|x64.ActiveCfg = Debug|x64
		{6AA35EF3-FE7F-3F6C-BFF6-84DDCCFC36FA}.Debug|x64.Build.0 = Debug|x64
		{6AA35EF3-FE7F-3F6C-BFF6-84DDCCFC36FA}.Release|x64.ActiveCfg = Release|x64
		{6AA35EF3-FE7F-3F6C-BFF6-84DDCCFC36FA}.Release|x64.Build.0 = Release|x64
		{2A2DEA78-FCDA-36E7-996E-044DDC8F6662}.Debug|x64.ActiveCfg = Debug|x64
		{2A2DEA78-FCDA-36E7-996E-044DDC8F6662}.Debug|x64.Build.0 = Debug|x64
		{2A2DEA78-FCDA-36E7-996E-044DDC8F6662}.Release|x64.ActiveCfg = Release|x64
		{2A2DEA78-FCDA-36E7-996E-044DDC8F6662}.Release|x64.Build.0 = Release|x64
		{25E35546-A0A9-35A7-87F3-CF9C7D9DCD0D}.Debug|x64.ActiveCfg = Debug|x64
		{25E35546-A0A9-35A7-87F3-CF9C7D9DCD0D}.Debug|x64.Build.0 = Debug|x64
		{25E35546-A0A9-35A7-87F3-CF9C7D9DCD0D}.Release|x64.ActiveCfg = Release|x64
		{25E35546-A0A9-35A7-87F3-CF9C7D9DCD0D}.Release|x64.Build.0 = Release|x64
		{702BE564-06F8-3CED-8FF9-73C20CFCC6CF}.Debug|x64.ActiveCfg = Debug|x64
		{702BE564-06F8-3CED-8FF9-73C20CFCC6CF}.Debug|x64.Build.0 = Debug|x64
		{702BE564-06F8-3CED-8FF9-73C20CFCC6CF}.Release|x64.ActiveCfg = Release|x64
		{702BE564-06F8-3CED-8FF9-73C20CFCC6CF}.Release|x64.Build.0 = Release|x64
		{F9E6B1FA-45CA-39F7-BD54-18929D64F25B}.Debug|x64.ActiveCfg = Debug|x64
		{F9E6B1FA-45CA-39F7-BD54-18929D64F25B}.Debug|x64.Build.0 = Debug|x64
		{F9E6B1FA-45CA-39F7-BD54-18929D64F25B}.Release|x64.ActiveCfg = Release|x64
		{F9E6B1FA-45CA-39F7-BD54-18929D64F25B}.Release|x64.Build.0 = Release|x64
		{99CDCE43-24D6-3FCE-BC9B-EE24478ED5C8}.Debug|x64.ActiveCfg = Debug|x64
		{99CDCE43-24D6-3FCE-BC9B-EE24478ED5C8}.Debug|x64.Build.0 = Debug|x64
		{99CDCE43-24D6-3FCE-BC9B-EE24478ED5C8}.Release|x64.ActiveCfg = Release|x64
		{99CDCE43-24D6-3FCE-BC9B-EE24478ED5C8}.Release|x64.Build.0 = Release|x64
		{3CB49ABB-1FB5-3AE2-83FC-E19430E44659}.Debug|x64.ActiveCfg = Debug|x64
		{3CB49ABB-1FB5-3AE2-83FC-E19430E44659}.Debug|x64.Build.0 = Debug|x64
		{3CB49ABB-1FB5-3AE2-83FC-E19430E44659}.Release|x64.ActiveCfg = Release|x64
		{3CB49ABB-1FB5-3AE2-83FC-E19430E44659}.Release|x64.Build.0 = Release|x64
		{0E82AD26-B85A-3510-AB31-8959510C5C3E}.Debug|x64.ActiveCfg = Debug|x64
		{0E82AD26-B85A-3510-AB31-8959510C5C3E}.Release|x64.ActiveCfg = Release|x64
		{5DA54F0E-15A5-3ABE-9849-BC895ABE9148}.Debug|x64.ActiveCfg = Debug|x64
		{5DA54F0E-15A5-3ABE-9849-BC895ABE9148}.Debug|x64.Build.0 = Debug|x64
		{5DA54F0E-15A5-3ABE-9849-BC895ABE9148}.Release|x64.ActiveCfg = Release|x64
		{5DA54F0E-15A5-3ABE-9849-BC895ABE9148}.Release|x64.Build.0 = Release|x64
	EndGlobalSection
	GlobalSection(NestedProjects) = preSolution
		{C8E68EE2-2423-3077-984D-89C70EB99783} = {25DF6E85-5134-316E-AAB7-53D574518B1F}
		{5073AA02-012C-3102-B499-B36F24B53AAA} = {25DF6E85-5134-316E-AAB7-53D574518B1F}
		{41586849-1BDE-34D9-9F26-5AF79BDA47D8} = {25DF6E85-5134-316E-AAB7-53D574518B1F}
		{BB858512-7D54-348D-90DB-0EDB4B466BB5} = {C940C401-33DE-31EE-BADA-A3DD2BC7FD9C}
		{DB65B1CE-DB2B-32D7-A08C-13B4C97F950E} = {C940C401-33DE-31EE-BADA-A3DD2BC7FD9C}
		{1E312F27-70C5-377D-80C3-3B45EE0DE387} = {C940C401-33DE-31EE-BADA-A3DD2BC7FD9C}
		{2632E4F3-6819-3F6B-849B-9530E9F14A64} = {C940C401-33DE-31EE-BADA-A3DD2BC7FD9C}
	EndGlobalSection
	GlobalSection(ExtensibilityGlobals) = postSolution
		SolutionGuid = {778D1AEC-B405-3A3D-8643-5532AF8EC622}
	EndGlobalSection
	GlobalSection(ExtensibilityAddIns) = postSolution
	EndGlobalSection
EndGlobal
